
Microsoft Visual Studio Solution File, Format Version 12.00
# Visual Studio Version 16
VisualStudioVersion = 16.0.29020.237
MinimumVisualStudioVersion = 10.0.40219.1
Project("{FAE04EC0-301F-11D3-BF4B-00C04F79EFBC}") = "Aplikasi Antrian", "Aplikasi Antrian\Aplikasi Antrian.csproj", "{4803A39E-A4B8-4F99-804A-EA0721C46859}"
EndProject
Global
	GlobalSection(SolutionConfigurationPlatforms) = preSolution
		Debug|Any CPU = Debug|Any CPU
		Release|Any CPU = Release|Any CPU
	EndGlobalSection
	GlobalSection(ProjectConfigurationPlatforms) = postSolution
		{4803A39E-A4B8-4F99-804A-EA0721C46859}.Debug|Any CPU.ActiveCfg = Debug|Any CPU
		{4803A39E-A4B8-4F99-804A-EA0721C46859}.Debug|Any CPU.Build.0 = Debug|Any CPU
		{4803A39E-A4B8-4F99-804A-EA0721C46859}.Release|Any CPU.ActiveCfg = Release|Any CPU
		{4803A39E-A4B8-4F99-804A-EA0721C46859}.Release|Any CPU.Build.0 = Release|Any CPU
	EndGlobalSection
	GlobalSection(SolutionProperties) = preSolution
		HideSolutionNode = FALSE
	EndGlobalSection
	GlobalSection(ExtensibilityGlobals) = postSolution
		SolutionGuid = {82A4715C-C1A1-4DA4-BF2E-AE89B5910FA9}
	EndGlobalSection
EndGlobal
